
Microsoft Visual Studio Solution File, Format Version 12.00
# Visual Studio Version 16
VisualStudioVersion = 16.0.31129.286
MinimumVisualStudioVersion = 10.0.40219.1
Project("{FAE04EC0-301F-11D3-BF4B-00C04F79EFBC}") = "OrderProcessingApplication.Tests", "OrderProcessingApplication.Tests\OrderProcessingApplication.Tests.csproj", "{10C55255-1A3A-45A8-9AD8-D37CBD3E7370}"
EndProject
Global
	GlobalSection(SolutionConfigurationPlatforms) = preSolution
		Debug|Any CPU = Debug|Any CPU
		Release|Any CPU = Release|Any CPU
	EndGlobalSection
	GlobalSection(ProjectConfigurationPlatforms) = postSolution
		{10C55255-1A3A-45A8-9AD8-D37CBD3E7370}.Debug|Any CPU.ActiveCfg = Debug|Any CPU
		{10C55255-1A3A-45A8-9AD8-D37CBD3E7370}.Debug|Any CPU.Build.0 = Debug|Any CPU
		{10C55255-1A3A-45A8-9AD8-D37CBD3E7370}.Release|Any CPU.ActiveCfg = Release|Any CPU
		{10C55255-1A3A-45A8-9AD8-D37CBD3E7370}.Release|Any CPU.Build.0 = Release|Any CPU
	EndGlobalSection
	GlobalSection(SolutionProperties) = preSolution
		HideSolutionNode = FALSE
	EndGlobalSection
	GlobalSection(ExtensibilityGlobals) = postSolution
		SolutionGuid = {B5C267F7-A71E-4809-879B-C528F2B7570B}
	EndGlobalSection
EndGlobal
